
Microsoft Visual Studio Solution File, Format Version 12.00
# Visual Studio Version 17
VisualStudioVersion = 17.4.33205.214
MinimumVisualStudioVersion = 10.0.40219.1
Project("{FAE04EC0-301F-11D3-BF4B-00C04F79EFBC}") = "airport", "airport.csproj", "{E2DD1DA7-8C8E-4C7C-AEB6-1B33604FA3EB}"
EndProject
Global
	GlobalSection(SolutionConfigurationPlatforms) = preSolution
		Debug|Any CPU = Debug|Any CPU
		Release|Any CPU = Release|Any CPU
	EndGlobalSection
	GlobalSection(ProjectConfigurationPlatforms) = postSolution
		{E2DD1DA7-8C8E-4C7C-AEB6-1B33604FA3EB}.Debug|Any CPU.ActiveCfg = Debug|Any CPU
		{E2DD1DA7-8C8E-4C7C-AEB6-1B33604FA3EB}.Debug|Any CPU.Build.0 = Debug|Any CPU
		{E2DD1DA7-8C8E-4C7C-AEB6-1B33604FA3EB}.Release|Any CPU.ActiveCfg = Release|Any CPU
		{E2DD1DA7-8C8E-4C7C-AEB6-1B33604FA3EB}.Release|Any CPU.Build.0 = Release|Any CPU
	EndGlobalSection
	GlobalSection(SolutionProperties) = preSolution
		HideSolutionNode = FALSE
	EndGlobalSection
	GlobalSection(ExtensibilityGlobals) = postSolution
		SolutionGuid = {7A6868ED-0533-4ADD-8F38-0C93E30FD011}
	EndGlobalSection
EndGlobal
